<?xml version="1.0" encoding="utf-8"?>
<Project ToolsVersion="4.0" xmlns="http://schemas.microsoft.com/developer/msbuild/2003">
  <ItemGroup>
    <Filter Include="Source Files">
      <UniqueIdentifier>{4FC737F1-C7A5-4376-A066-2A32D752A2FF}</UniqueIdentifier>
      <Extensions>qml;cpp;c;cc;cxx;def;odl;idl;hpj;bat;asm;asmx</Extensions>
    </Filter>
    <Filter Include="Resource Files">
      <UniqueIdentifier>{67DA6AB6-F800-4c08-8B7A-83BB121AAD01}</UniqueIdentifier>
      <Extensions>qrc;rc;ico;cur;bmp;dlg;rc2;rct;bin;rgs;gif;jpg;jpeg;jpe;resx;tiff;tif;png;wav;mfcribbon-ms</Extensions>
    </Filter>
    <Filter Include="Form Files">
      <UniqueIdentifier>{99349809-55BA-4b9d-BF79-8FDBB0286EB3}</UniqueIdentifier>
      <Extensions>ui</Extensions>
    </Filter>
    <Filter Include="Translation Files">
      <UniqueIdentifier>{639EADAA-A684-42e4-A9AD-28FC9BCB8F7C}</UniqueIdentifier>
      <Extensions>ts</Extensions>
    </Filter>
    <Filter Include="Translation Files\NewFilter1">
      <UniqueIdentifier>{ed582901-c229-424e-84fe-07d28ed1e87c}</UniqueIdentifier>
    </Filter>
    <Filter Include="View">
      <UniqueIdentifier>{fb35b825-072b-4fd7-b940-51e7a5f05421}</UniqueIdentifier>
    </Filter>
    <Filter Include="View\View Header">
      <UniqueIdentifier>{e5a38910-f727-4e05-87a4-b45db8abdf06}</UniqueIdentifier>
    </Filter>
    <Filter Include="View\View Cpp">
      <UniqueIdentifier>{d0069127-fdb3-4099-9fa2-8204b9bc0167}</UniqueIdentifier>
    </Filter>
    <Filter Include="Controller">
      <UniqueIdentifier>{02c31e23-215d-43dd-82dc-da2f6df60b30}</UniqueIdentifier>
    </Filter>
    <Filter Include="Controller\Controller Cpp">
      <UniqueIdentifier>{f31625f4-e632-4068-9d4c-ccf2a0ef7fe0}</UniqueIdentifier>
    </Filter>
    <Filter Include="Controller\Controller Header">
      <UniqueIdentifier>{12909489-579a-4c64-85f3-0b82574fd6a2}</UniqueIdentifier>
    </Filter>
    <Filter Include="Model">
      <UniqueIdentifier>{08f98630-8803-47ae-b14b-e8f62bb3ec32}</UniqueIdentifier>
    </Filter>
    <Filter Include="Model\Model Header">
      <UniqueIdentifier>{f609ebc0-37d0-4265-ad55-ae72a8d7efb1}</UniqueIdentifier>
    </Filter>
    <Filter Include="Model\Model Cpp">
      <UniqueIdentifier>{2bd8d835-42e3-41e3-8190-25a8793d466f}</UniqueIdentifier>
    </Filter>
    <Filter Include="Repository">
      <UniqueIdentifier>{8e557761-f206-45cb-a20f-ed58fb1a686f}</UniqueIdentifier>
    </Filter>
    <Filter Include="Repository\Repository Header">
      <UniqueIdentifier>{6a118ac8-8b52-4a97-9ec6-2ece6417ef47}</UniqueIdentifier>
    </Filter>
    <Filter Include="Repository\Repository Header\Interface">
      <UniqueIdentifier>{5da6d939-e8d7-4bc0-b572-94ec34395f27}</UniqueIdentifier>
    </Filter>
    <Filter Include="Repository\Repository Header\MYSQL">
      <UniqueIdentifier>{3208380a-50e6-4a9f-8931-6054ecfa00da}</UniqueIdentifier>
    </Filter>
    <Filter Include="Repository\Repository Header\SQLite">
      <UniqueIdentifier>{577b86cf-eb9e-43f2-9605-86d88cf546ce}</UniqueIdentifier>
    </Filter>
    <Filter Include="Repository\Repository Cpp">
      <UniqueIdentifier>{f3f12206-4314-427b-956e-4490037b80b3}</UniqueIdentifier>
    </Filter>
    <Filter Include="Repository\Repository Cpp\MYSQL">
      <UniqueIdentifier>{3b8934c7-b42b-40cf-9c24-89edd4a3ebb4}</UniqueIdentifier>
    </Filter>
    <Filter Include="Repository\Repository Cpp\SQLite">
      <UniqueIdentifier>{be2263d3-437a-4118-b2f2-f1759c748db2}</UniqueIdentifier>
    </Filter>
    <Filter Include="IriTracker">
      <UniqueIdentifier>{fdc1a56a-af0e-4407-aaee-3cac7b89b457}</UniqueIdentifier>
    </Filter>
    <Filter Include="IriTracker\IriTracker Header">
      <UniqueIdentifier>{9338f2b1-b215-42cb-bda2-12aaf381d74c}</UniqueIdentifier>
    </Filter>
    <Filter Include="Utils">
      <UniqueIdentifier>{a1ce4f04-f972-48f1-844f-d2e4a878dcc4}</UniqueIdentifier>
    </Filter>
    <Filter Include="Utils\Utils Header">
      <UniqueIdentifier>{2ee66dc5-16e6-4b99-8bc9-c6dc41d56679}</UniqueIdentifier>
    </Filter>
    <Filter Include="Utils\Utils Cpp">
      <UniqueIdentifier>{3e1efd9a-c7fa-41a0-9562-79ce97534391}</UniqueIdentifier>
    </Filter>
  </ItemGroup>
  <ItemGroup>
    <QtRcc Include="ManageEmployee.qrc">
      <Filter>Resource Files</Filter>
    </QtRcc>
  </ItemGroup>
  <ItemGroup>
    <ClCompile Include="main.cpp">
      <Filter>Source Files</Filter>
    </ClCompile>
    <ClCompile Include="DepartmentModel.cpp">
      <Filter>Model\Model Cpp</Filter>
    </ClCompile>
    <ClCompile Include="EmployeeModel.cpp">
      <Filter>Model\Model Cpp</Filter>
    </ClCompile>
    <ClCompile Include="MainWindowController.cpp">
      <Filter>Controller\Controller Cpp</Filter>
    </ClCompile>
    <ClCompile Include="DialogFormDepartment.cpp">
      <Filter>View\View Cpp</Filter>
    </ClCompile>
    <ClCompile Include="DialogFormEmployee.cpp">
      <Filter>View\View Cpp</Filter>
    </ClCompile>
    <ClCompile Include="DialogFormLoginAdmin.cpp">
      <Filter>View\View Cpp</Filter>
    </ClCompile>
    <ClCompile Include="MainWindow.cpp">
      <Filter>View\View Cpp</Filter>
    </ClCompile>
    <ClCompile Include="MenuList.cpp">
      <Filter>View\View Cpp</Filter>
    </ClCompile>
    <ClCompile Include="ManageDepartment.cpp">
      <Filter>View\View Cpp</Filter>
    </ClCompile>
    <ClCompile Include="ManageEmployee.cpp">
      <Filter>View\View Cpp</Filter>
    </ClCompile>
    <ClCompile Include="SignUpAdmin.cpp">
      <Filter>View\View Cpp</Filter>
    </ClCompile>
    <ClCompile Include="Navbar.cpp">
      <Filter>View\View Cpp</Filter>
    </ClCompile>
    <ClCompile Include="ManageDepartmentController.cpp">
      <Filter>Controller\Controller Cpp</Filter>
    </ClCompile>
    <ClCompile Include="ManageEmployeeController.cpp">
      <Filter>Controller\Controller Cpp</Filter>
    </ClCompile>
    <ClCompile Include="SignUpAdminController.cpp">
      <Filter>Controller\Controller Cpp</Filter>
    </ClCompile>
    <ClCompile Include="NavbarController.cpp">
      <Filter>Controller\Controller Cpp</Filter>
    </ClCompile>
    <ClCompile Include="DialogConfirm.cpp">
      <Filter>View\View Cpp</Filter>
    </ClCompile>
    <ClCompile Include="EmployeeCheckInOut.cpp">
      <Filter>View\View Cpp</Filter>
    </ClCompile>
    <ClCompile Include="EmployeeCheckInOutController.cpp">
      <Filter>Controller\Controller Cpp</Filter>
    </ClCompile>
    <ClCompile Include="ManageAttendanceEvents.cpp">
      <Filter>View\View Cpp</Filter>
    </ClCompile>
    <ClCompile Include="ManageAttendanceEventsController.cpp">
      <Filter>Controller\Controller Cpp</Filter>
    </ClCompile>
    <ClCompile Include="DialogFormAttendanceEvents.cpp">
      <Filter>View\View Cpp</Filter>
    </ClCompile>
    <ClCompile Include="AttendaceEventModel.cpp">
      <Filter>Model\Model Cpp</Filter>
    </ClCompile>
    <ClCompile Include="ManageAttendanceEvents.cpp">
      <Filter>Source Files\View</Filter>
    </ClCompile>
    <ClCompile Include="DialogDeleteAttendanceEvent.cpp">
      <Filter>View\View Cpp</Filter>
    </ClCompile>
    <ClCompile Include="AttendanceEventRepositorySQLite.cpp">
      <Filter>Repository\Repository Cpp\SQLite</Filter>
    </ClCompile>
    <ClCompile Include="DatabaseManagerMYSQL.cpp">
      <Filter>Repository\Repository Cpp\MYSQL</Filter>
    </ClCompile>
    <ClCompile Include="DatabaseManagerSQLite.cpp">
      <Filter>Repository\Repository Cpp\SQLite</Filter>
    </ClCompile>
    <ClCompile Include="DepartmentRepositorySQLite.cpp">
      <Filter>Repository\Repository Cpp\SQLite</Filter>
    </ClCompile>
    <ClCompile Include="EmployeeRepositorySQLite.cpp">
      <Filter>Repository\Repository Cpp\SQLite</Filter>
    </ClCompile>
    <ClCompile Include="AttendanceEventRepositoryMYSQL.cpp">
      <Filter>Repository\Repository Cpp\MYSQL</Filter>
    </ClCompile>
    <ClCompile Include="EmployeeRepositoryMYSQL.cpp">
      <Filter>Repository\Repository Cpp\MYSQL</Filter>
    </ClCompile>
    <ClCompile Include="DepartmentRepositoryMYSQL.cpp">
      <Filter>Repository\Repository Cpp\MYSQL</Filter>
    </ClCompile>
    <ClCompile Include="Tools.cpp">
      <Filter>View\View Cpp</Filter>
    </ClCompile>
    <ClCompile Include="ToolsController.cpp">
      <Filter>Controller\Controller Cpp</Filter>
    </ClCompile>
    <ClCompile Include="DialogChangeDatabase.cpp">
      <Filter>View\View Cpp</Filter>
    </ClCompile>
    <ClCompile Include="DatabaseSingleton.cpp">
      <Filter>Repository\Repository Cpp</Filter>
    </ClCompile>
    <ClCompile Include="Utils.cpp">
      <Filter>Utils\Utils Cpp</Filter>
    </ClCompile>
    <ClCompile Include="IriTrackerSingleton.cpp">
      <Filter>IriTracker</Filter>
    </ClCompile>
    <ClCompile Include="Iddk2000_features.cpp">
      <Filter>IriTracker</Filter>
    </ClCompile>
    <ClCompile Include="IriTracker.cpp">
      <Filter>IriTracker</Filter>
    </ClCompile>
    <ClCompile Include="DialogChangePassword.cpp">
      <Filter>Controller\Controller Cpp</Filter>
    </ClCompile>
    <ClCompile Include="DialogChangePassword.cpp">
      <Filter>View\View Cpp</Filter>
    </ClCompile>
    <ClCompile Include="ManageException.cpp">
      <Filter>View\View Cpp</Filter>
    </ClCompile>
    <ClCompile Include="ExceptionModel.cpp">
      <Filter>Model\Model Cpp</Filter>
    </ClCompile>
    <ClCompile Include="ManageExceptionController.cpp">
      <Filter>Controller\Controller Cpp</Filter>
    </ClCompile>
    <ClCompile Include="DialogFormException.cpp">
      <Filter>View\View Cpp</Filter>
    </ClCompile>
    <ClCompile Include="ExceptionRepositoryMYSQL.cpp">
      <Filter>Repository\Repository Cpp\MYSQL</Filter>
    </ClCompile>
    <ClCompile Include="ExceptionRepositorySQLite.cpp">
      <Filter>Repository\Repository Cpp\SQLite</Filter>
    </ClCompile>
    <ClCompile Include="DialogAssignmentException.cpp">
      <Filter>View\View Cpp</Filter>
    </ClCompile>
    <ClCompile Include="ManageBulletin.cpp">
      <Filter>View\View Cpp</Filter>
    </ClCompile>
    <ClCompile Include="ManageBulletinController.cpp">
      <Filter>Controller\Controller Cpp</Filter>
    </ClCompile>
    <ClCompile Include="BulletinModel.cpp">
      <Filter>Model\Model Cpp</Filter>
    </ClCompile>
    <ClCompile Include="DialogFormBulletin.cpp">
      <Filter>View\View Cpp</Filter>
    </ClCompile>
    <ClCompile Include="BulletinRepositoryMYSQL.cpp">
      <Filter>Repository\Repository Cpp\MYSQL</Filter>
    </ClCompile>
    <ClCompile Include="BulletinRepositorySQLite.cpp">
      <Filter>Repository\Repository Cpp\SQLite</Filter>
    </ClCompile>
  </ItemGroup>
  <ItemGroup>
    <QtMoc Include="DialogFormDepartment.h">
      <Filter>View\View Header</Filter>
    </QtMoc>
    <QtMoc Include="DialogFormEmployee.h">
      <Filter>View\View Header</Filter>
    </QtMoc>
    <QtMoc Include="DialogFormLoginAdmin.h">
      <Filter>View\View Header</Filter>
    </QtMoc>
    <QtMoc Include="MainWindow.h">
      <Filter>View\View Header</Filter>
    </QtMoc>
    <QtMoc Include="MainWindowController.h">
      <Filter>Controller\Controller Header</Filter>
    </QtMoc>
    <QtMoc Include="ManageDepartment.h">
      <Filter>View\View Header</Filter>
    </QtMoc>
    <QtMoc Include="ManageDepartmentController.h">
      <Filter>Controller\Controller Header</Filter>
    </QtMoc>
    <QtMoc Include="ManageEmployee.h">
      <Filter>View\View Header</Filter>
    </QtMoc>
    <QtMoc Include="ManageEmployeeController.h">
      <Filter>Controller\Controller Header</Filter>
    </QtMoc>
    <QtMoc Include="MenuList.h">
      <Filter>View\View Header</Filter>
    </QtMoc>
    <QtMoc Include="Navbar.h">
      <Filter>View\View Header</Filter>
    </QtMoc>
    <QtMoc Include="NavbarController.h">
      <Filter>Controller\Controller Header</Filter>
    </QtMoc>
    <QtMoc Include="SignUpAdmin.h">
      <Filter>View\View Header</Filter>
    </QtMoc>
    <QtMoc Include="SignUpAdminController.h">
      <Filter>Controller\Controller Header</Filter>
    </QtMoc>
    <QtMoc Include="DialogConfirm.h">
      <Filter>View\View Header</Filter>
    </QtMoc>
    <QtMoc Include="EmployeeCheckInOut.h">
      <Filter>View\View Header</Filter>
    </QtMoc>
    <QtMoc Include="EmployeeCheckInOutController.h">
      <Filter>Controller\Controller Header</Filter>
    </QtMoc>
    <QtMoc Include="ManageAttendanceEvents.h">
      <Filter>View\View Header</Filter>
    </QtMoc>
    <QtMoc Include="ManageAttendanceEventsController.h">
      <Filter>Controller\Controller Header</Filter>
    </QtMoc>
    <QtMoc Include="DialogFormAttendanceEvents.h">
      <Filter>View\View Header</Filter>
    </QtMoc>
    <QtMoc Include="DialogDeleteAttendanceEvent.h">
      <Filter>View\View Header</Filter>
    </QtMoc>
    <QtMoc Include="Tools.h">
      <Filter>View\View Header</Filter>
    </QtMoc>
    <QtMoc Include="Tools.h">
      <Filter>Header Files\View</Filter>
    </QtMoc>
    <QtMoc Include="ToolsController.h">
      <Filter>Controller\Controller Header</Filter>
    </QtMoc>
    <QtMoc Include="DialogChangeDatabase.h">
      <Filter>View\View Header</Filter>
    </QtMoc>
    <QtMoc Include="IriTracker.h">
      <Filter>IriTracker\IriTracker Header</Filter>
    </QtMoc>
    <QtMoc Include="CustomFilterProxyModel.h">
      <Filter>Utils\Utils Header</Filter>
    </QtMoc>
    <QtMoc Include="ErrorLabel.h">
      <Filter>Utils\Utils Header</Filter>
    </QtMoc>
    <QtMoc Include="DialogChangePassword.h">
      <Filter>View\View Header</Filter>
    </QtMoc>
    <QtMoc Include="ManageException.h">
      <Filter>View\View Header</Filter>
    </QtMoc>
    <QtMoc Include="ManageExceptionController.h">
      <Filter>Controller\Controller Header</Filter>
    </QtMoc>
    <QtMoc Include="DialogFormException.h">
      <Filter>View\View Header</Filter>
    </QtMoc>
    <QtMoc Include="DialogAssignmentException.h">
      <Filter>View\View Header</Filter>
    </QtMoc>
    <QtMoc Include="ManageBulletin.h">
      <Filter>View\View Header</Filter>
    </QtMoc>
    <QtMoc Include="ManageBulletinController.h">
      <Filter>Controller\Controller Header</Filter>
    </QtMoc>
    <QtMoc Include="DialogFormBulletin.h">
      <Filter>View\View Header</Filter>
    </QtMoc>
  </ItemGroup>
  <ItemGroup>
    <QtUic Include="SignUpAdmin.ui">
      <Filter>Form Files</Filter>
    </QtUic>
    <QtUic Include="Navbar.ui">
      <Filter>Form Files</Filter>
    </QtUic>
    <QtUic Include="DialogFormLoginAdmin.ui">
      <Filter>Form Files</Filter>
    </QtUic>
    <QtUic Include="MenuList.ui">
      <Filter>Form Files</Filter>
    </QtUic>
    <QtUic Include="ManageDepartment.ui">
      <Filter>Form Files</Filter>
    </QtUic>
    <QtUic Include="ManageEmployee.ui">
      <Filter>Form Files</Filter>
    </QtUic>
    <QtUic Include="DialogFormDepartment.ui">
      <Filter>Form Files</Filter>
    </QtUic>
    <QtUic Include="DialogFormEmployee.ui">
      <Filter>Form Files</Filter>
    </QtUic>
    <QtUic Include="MainWindow.ui">
      <Filter>Form Files</Filter>
    </QtUic>
    <QtUic Include="DialogConfirm.ui">
      <Filter>Form Files</Filter>
    </QtUic>
    <QtUic Include="EmployeeCheckInOut.ui">
      <Filter>Form Files</Filter>
    </QtUic>
    <QtUic Include="ManageAttendanceEvents.ui">
      <Filter>Form Files</Filter>
    </QtUic>
    <QtUic Include="ManageAttendanceEvents.ui">
      <Filter>Form Files</Filter>
    </QtUic>
    <QtUic Include="DialogFormAttendanceEvents.ui">
      <Filter>Form Files</Filter>
    </QtUic>
    <QtUic Include="DialogDeleteAttendanceEvent.ui">
      <Filter>Form Files</Filter>
    </QtUic>
    <QtUic Include="Tools.ui">
      <Filter>Form Files</Filter>
    </QtUic>
    <QtUic Include="Tools.ui">
      <Filter>Form Files</Filter>
    </QtUic>
    <QtUic Include="DialogChangeDatabase.ui">
      <Filter>Form Files</Filter>
    </QtUic>
    <QtUic Include="DialogChangePassword.ui">
      <Filter>Form Files</Filter>
    </QtUic>
    <QtUic Include="DialogChangePassword.ui">
      <Filter>Form Files</Filter>
    </QtUic>
    <QtUic Include="ManageException.ui">
      <Filter>Form Files</Filter>
    </QtUic>
    <QtUic Include="DialogFormException.ui">
      <Filter>Form Files</Filter>
    </QtUic>
    <QtUic Include="DialogAssignmentException.ui">
      <Filter>Form Files</Filter>
    </QtUic>
    <QtUic Include="ManageBulletin.ui">
      <Filter>Form Files</Filter>
    </QtUic>
    <QtUic Include="DialogFormBulletin.ui">
      <Filter>Form Files</Filter>
    </QtUic>
  </ItemGroup>
  <ItemGroup>
    <ClInclude Include="DepartmentModel.h">
      <Filter>Model\Model Header</Filter>
    </ClInclude>
    <ClInclude Include="EmployeeModel.h">
      <Filter>Model\Model Header</Filter>
    </ClInclude>
    <ClInclude Include="AttendaceEventModel.h">
      <Filter>Model\Model Header</Filter>
    </ClInclude>
    <ClInclude Include="IDatabaseManager.h">
      <Filter>Repository\Repository Header\Interface</Filter>
    </ClInclude>
    <ClInclude Include="IDepartmentRepository.h">
      <Filter>Repository\Repository Header\Interface</Filter>
    </ClInclude>
    <ClInclude Include="IEmployeeRepository.h">
      <Filter>Repository\Repository Header\Interface</Filter>
    </ClInclude>
    <ClInclude Include="IAttendanceEventRepository.h">
      <Filter>Repository\Repository Header\Interface</Filter>
    </ClInclude>
    <ClInclude Include="AttendanceEventRepositoryMYSQL.h">
      <Filter>Repository\Repository Header\MYSQL</Filter>
    </ClInclude>
    <ClInclude Include="DepartmentRepositoryMYSQL.h">
      <Filter>Repository\Repository Header\MYSQL</Filter>
    </ClInclude>
    <ClInclude Include="EmployeeRepositoryMYSQL.h">
      <Filter>Repository\Repository Header\MYSQL</Filter>
    </ClInclude>
    <ClInclude Include="DatabaseManagerMYSQL.h">
      <Filter>Repository\Repository Header\MYSQL</Filter>
    </ClInclude>
    <ClInclude Include="AttendanceEventRepositorySQLite.h">
      <Filter>Repository\Repository Header\SQLite</Filter>
    </ClInclude>
    <ClInclude Include="EmployeeRepositorySQLite.h">
      <Filter>Repository\Repository Header\SQLite</Filter>
    </ClInclude>
    <ClInclude Include="DepartmentRepositorySQLite.h">
      <Filter>Repository\Repository Header\SQLite</Filter>
    </ClInclude>
    <ClInclude Include="DatabaseManagerSQLite.h">
      <Filter>Repository\Repository Header\SQLite</Filter>
    </ClInclude>
    <ClInclude Include="DatabaseSingleton.h">
      <Filter>Repository\Repository Header</Filter>
    </ClInclude>
    <ClInclude Include="Utils.h">
      <Filter>Utils\Utils Header</Filter>
    </ClInclude>
    <ClInclude Include="Constant.h">
      <Filter>Utils\Utils Header</Filter>
    </ClInclude>
    <ClInclude Include="IriTrackerSingleton.h">
      <Filter>IriTracker\IriTracker Header</Filter>
    </ClInclude>
    <ClInclude Include="ExceptionModel.h">
      <Filter>Model\Model Header</Filter>
    </ClInclude>
    <ClInclude Include="IExceptionRepository.h">
      <Filter>Repository\Repository Header\Interface</Filter>
    </ClInclude>
    <ClInclude Include="ExceptionRepositoryMYSQL.h">
      <Filter>Repository\Repository Header\MYSQL</Filter>
    </ClInclude>
    <ClInclude Include="ExceptionRepositorySQLite.h">
      <Filter>Repository\Repository Header\SQLite</Filter>
    </ClInclude>
    <ClInclude Include="BulletinModel.h">
      <Filter>Model\Model Header</Filter>
    </ClInclude>
    <ClInclude Include="IBulletinRepository.h">
      <Filter>Repository\Repository Header\Interface</Filter>
    </ClInclude>
    <ClInclude Include="BulletinRepositoryMYSQL.h">
      <Filter>Repository\Repository Header\MYSQL</Filter>
    </ClInclude>
    <ClInclude Include="BulletinRepositorySQLite.h">
      <Filter>Repository\Repository Header\SQLite</Filter>
    </ClInclude>
  </ItemGroup>
</Project>